Microsoft Visual Studio Solution File, Format Version 12.00
# Visual Studio Version 17
VisualStudioVersion = 17.5.2.0
MinimumVisualStudioVersion = 10.0.40219.1
Project("{FAE04EC0-301F-11D3-BF4B-00C04F79EFBC}") = "CiviliPedia", "CiviliPedia.csproj", "{EDEA2A2B-3F81-762B-075C-40B534582BEC}"
EndProject
Global
	GlobalSection(SolutionConfigurationPlatforms) = preSolution
		Debug|Any CPU = Debug|Any CPU
		Release|Any CPU = Release|Any CPU
	EndGlobalSection
	GlobalSection(ProjectConfigurationPlatforms) = postSolution
		{EDEA2A2B-3F81-762B-075C-40B534582BEC}.Debug|Any CPU.ActiveCfg = Debug|Any CPU
		{EDEA2A2B-3F81-762B-075C-40B534582BEC}.Debug|Any CPU.Build.0 = Debug|Any CPU
		{EDEA2A2B-3F81-762B-075C-40B534582BEC}.Release|Any CPU.ActiveCfg = Release|Any CPU
		{EDEA2A2B-3F81-762B-075C-40B534582BEC}.Release|Any CPU.Build.0 = Release|Any CPU
	EndGlobalSection
	GlobalSection(SolutionProperties) = preSolution
		HideSolutionNode = FALSE
	EndGlobalSection
	GlobalSection(ExtensibilityGlobals) = postSolution
		SolutionGuid = {58D4EAE7-5A0A-41B4-AE82-DAE597D446E4}
	EndGlobalSection
EndGlobal
